
Microsoft Visual Studio Solution File, Format Version 12.00
# Visual Studio Version 16
VisualStudioVersion = 16.0.30611.23
MinimumVisualStudioVersion = 10.0.40219.1
Project("{FAE04EC0-301F-11D3-BF4B-00C04F79EFBC}") = "Megarachne", "Megarachne\Megarachne.csproj", "{8F764F67-22C3-4D3E-B3B7-ABB696A81C9F}"
EndProject
Global
	GlobalSection(SolutionConfigurationPlatforms) = preSolution
		Debug|Any CPU = Debug|Any CPU
		Release|Any CPU = Release|Any CPU
	EndGlobalSection
	GlobalSection(ProjectConfigurationPlatforms) = postSolution
		{8F764F67-22C3-4D3E-B3B7-ABB696A81C9F}.Debug|Any CPU.ActiveCfg = Debug|Any CPU
		{8F764F67-22C3-4D3E-B3B7-ABB696A81C9F}.Debug|Any CPU.Build.0 = Debug|Any CPU
		{8F764F67-22C3-4D3E-B3B7-ABB696A81C9F}.Release|Any CPU.ActiveCfg = Release|Any CPU
		{8F764F67-22C3-4D3E-B3B7-ABB696A81C9F}.Release|Any CPU.Build.0 = Release|Any CPU
	EndGlobalSection
	GlobalSection(SolutionProperties) = preSolution
		HideSolutionNode = FALSE
	EndGlobalSection
	GlobalSection(ExtensibilityGlobals) = postSolution
		SolutionGuid = {684BB2B6-0B35-46C0-A05D-BD2F54DC13AA}
	EndGlobalSection
EndGlobal
